
Microsoft Visual Studio Solution File, Format Version 12.00
# Visual Studio 2013
VisualStudioVersion = 12.0.31101.0
MinimumVisualStudioVersion = 10.0.40219.1
Project("{FAE04EC0-301F-11D3-BF4B-00C04F79EFBC}") = "OGV2P", "OGV2P.csproj", "{706265BA-EAD0-4E64-A23A-1F9DE77874C9}"
EndProject
Project("{FAE04EC0-301F-11D3-BF4B-00C04F79EFBC}") = "AgendaModule", "..\AgendaModule\AgendaModule.csproj", "{3072C61C-AB0B-43E0-A00E-D7F1CD6E3573}"
EndProject
Project("{FAE04EC0-301F-11D3-BF4B-00C04F79EFBC}") = "Admin", "Admin\Admin.csproj", "{1E5D4D49-CF32-419F-8890-658E4E3FAE07}"
EndProject
Global
	GlobalSection(SolutionConfigurationPlatforms) = preSolution
		Debug|Any CPU = Debug|Any CPU
		Release|Any CPU = Release|Any CPU
	EndGlobalSection
	GlobalSection(ProjectConfigurationPlatforms) = postSolution
		{706265BA-EAD0-4E64-A23A-1F9DE77874C9}.Debug|Any CPU.ActiveCfg = Debug|Any CPU
		{706265BA-EAD0-4E64-A23A-1F9DE77874C9}.Debug|Any CPU.Build.0 = Debug|Any CPU
		{706265BA-EAD0-4E64-A23A-1F9DE77874C9}.Release|Any CPU.ActiveCfg = Release|Any CPU
		{706265BA-EAD0-4E64-A23A-1F9DE77874C9}.Release|Any CPU.Build.0 = Release|Any CPU
		{3072C61C-AB0B-43E0-A00E-D7F1CD6E3573}.Debug|Any CPU.ActiveCfg = Debug|Any CPU
		{3072C61C-AB0B-43E0-A00E-D7F1CD6E3573}.Debug|Any CPU.Build.0 = Debug|Any CPU
		{3072C61C-AB0B-43E0-A00E-D7F1CD6E3573}.Release|Any CPU.ActiveCfg = Release|Any CPU
		{3072C61C-AB0B-43E0-A00E-D7F1CD6E3573}.Release|Any CPU.Build.0 = Release|Any CPU
		{1E5D4D49-CF32-419F-8890-658E4E3FAE07}.Debug|Any CPU.ActiveCfg = Debug|Any CPU
		{1E5D4D49-CF32-419F-8890-658E4E3FAE07}.Debug|Any CPU.Build.0 = Debug|Any CPU
		{1E5D4D49-CF32-419F-8890-658E4E3FAE07}.Release|Any CPU.ActiveCfg = Release|Any CPU
		{1E5D4D49-CF32-419F-8890-658E4E3FAE07}.Release|Any CPU.Build.0 = Release|Any CPU
	EndGlobalSection
	GlobalSection(SolutionProperties) = preSolution
		HideSolutionNode = FALSE
	EndGlobalSection
EndGlobal
