
Microsoft Visual Studio Solution File, Format Version 12.00
# Visual Studio 2013
VisualStudioVersion = 12.0.31101.0
MinimumVisualStudioVersion = 10.0.40219.1
Project("{FAE04EC0-301F-11D3-BF4B-00C04F79EFBC}") = "Main", "PrismExampleOne\Main.csproj", "{0181DE4F-CC01-4242-BF0F-5591E3666A78}"
EndProject
Project("{FAE04EC0-301F-11D3-BF4B-00C04F79EFBC}") = "AdminModule", "SimplePrismModule\AdminModule.csproj", "{039D4CA2-EBAC-4929-BFE7-6B03E83E69FF}"
EndProject
Project("{FAE04EC0-301F-11D3-BF4B-00C04F79EFBC}") = "StreamingModule", "StreamingModule\StreamingModule.csproj", "{73CA3B74-58A2-4867-ADCB-60B20CF34289}"
EndProject
Project("{FAE04EC0-301F-11D3-BF4B-00C04F79EFBC}") = "Infrastructure", "Infrastructure\Infrastructure.csproj", "{AC74B650-E3C0-4A4D-9BB5-0D4BABEACFCA}"
EndProject
Project("{FAE04EC0-301F-11D3-BF4B-00C04F79EFBC}") = "Cache", "CacheManager\Cache.csproj", "{939FA592-08FC-4564-AFD3-E3B133DE6DDE}"
EndProject
Project("{FAE04EC0-301F-11D3-BF4B-00C04F79EFBC}") = "UnitTestProject1", "UnitTestProject1\UnitTestProject1.csproj", "{0318E2B4-E515-46A5-82DE-DB35513833A8}"
EndProject
Global
	GlobalSection(SolutionConfigurationPlatforms) = preSolution
		Debug|Any CPU = Debug|Any CPU
		Release|Any CPU = Release|Any CPU
	EndGlobalSection
	GlobalSection(ProjectConfigurationPlatforms) = postSolution
		{0181DE4F-CC01-4242-BF0F-5591E3666A78}.Debug|Any CPU.ActiveCfg = Debug|Any CPU
		{0181DE4F-CC01-4242-BF0F-5591E3666A78}.Debug|Any CPU.Build.0 = Debug|Any CPU
		{0181DE4F-CC01-4242-BF0F-5591E3666A78}.Release|Any CPU.ActiveCfg = Release|Any CPU
		{0181DE4F-CC01-4242-BF0F-5591E3666A78}.Release|Any CPU.Build.0 = Release|Any CPU
		{039D4CA2-EBAC-4929-BFE7-6B03E83E69FF}.Debug|Any CPU.ActiveCfg = Debug|Any CPU
		{039D4CA2-EBAC-4929-BFE7-6B03E83E69FF}.Debug|Any CPU.Build.0 = Debug|Any CPU
		{039D4CA2-EBAC-4929-BFE7-6B03E83E69FF}.Release|Any CPU.ActiveCfg = Release|Any CPU
		{039D4CA2-EBAC-4929-BFE7-6B03E83E69FF}.Release|Any CPU.Build.0 = Release|Any CPU
		{73CA3B74-58A2-4867-ADCB-60B20CF34289}.Debug|Any CPU.ActiveCfg = Debug|Any CPU
		{73CA3B74-58A2-4867-ADCB-60B20CF34289}.Debug|Any CPU.Build.0 = Debug|Any CPU
		{73CA3B74-58A2-4867-ADCB-60B20CF34289}.Release|Any CPU.ActiveCfg = Release|Any CPU
		{73CA3B74-58A2-4867-ADCB-60B20CF34289}.Release|Any CPU.Build.0 = Release|Any CPU
		{AC74B650-E3C0-4A4D-9BB5-0D4BABEACFCA}.Debug|Any CPU.ActiveCfg = Debug|Any CPU
		{AC74B650-E3C0-4A4D-9BB5-0D4BABEACFCA}.Debug|Any CPU.Build.0 = Debug|Any CPU
		{AC74B650-E3C0-4A4D-9BB5-0D4BABEACFCA}.Release|Any CPU.ActiveCfg = Release|Any CPU
		{AC74B650-E3C0-4A4D-9BB5-0D4BABEACFCA}.Release|Any CPU.Build.0 = Release|Any CPU
		{939FA592-08FC-4564-AFD3-E3B133DE6DDE}.Debug|Any CPU.ActiveCfg = Debug|Any CPU
		{939FA592-08FC-4564-AFD3-E3B133DE6DDE}.Debug|Any CPU.Build.0 = Debug|Any CPU
		{939FA592-08FC-4564-AFD3-E3B133DE6DDE}.Release|Any CPU.ActiveCfg = Release|Any CPU
		{939FA592-08FC-4564-AFD3-E3B133DE6DDE}.Release|Any CPU.Build.0 = Release|Any CPU
		{0318E2B4-E515-46A5-82DE-DB35513833A8}.Debug|Any CPU.ActiveCfg = Debug|Any CPU
		{0318E2B4-E515-46A5-82DE-DB35513833A8}.Debug|Any CPU.Build.0 = Debug|Any CPU
		{0318E2B4-E515-46A5-82DE-DB35513833A8}.Release|Any CPU.ActiveCfg = Release|Any CPU
		{0318E2B4-E515-46A5-82DE-DB35513833A8}.Release|Any CPU.Build.0 = Release|Any CPU
	EndGlobalSection
	GlobalSection(SolutionProperties) = preSolution
		HideSolutionNode = FALSE
	EndGlobalSection
EndGlobal
